// !$*UTF8*$!
{
	archiveVersion = 1;
	classes = {
	};
	objectVersion = 51;
	objects = {

/* Begin PBXBuildFile section */
		AF250E05291A85DC00114055 /* DishDetails.swift in Sources */ = {isa = PBXBuildFile; fileRef = AF250E04291A85DC00114055 /* DishDetails.swift */; };
		AFA65523291941A4004EF693 /* AppDelegate.swift in Sources */ = {isa = PBXBuildFile; fileRef = AFE910F92913B0F0007EDE81 /* AppDelegate.swift */; };
		AFA65524291941AB004EF693 /* SceneDelegate.swift in Sources */ = {isa = PBXBuildFile; fileRef = AFE910FB2913B0F0007EDE81 /* SceneDelegate.swift */; };
		AFA655252919422A004EF693 /* Assets.xcassets in Resources */ = {isa = PBXBuildFile; fileRef = AFA98C432919291E0083D838 /* Assets.xcassets */; };
		AFA655262919422A004EF693 /* LaunchScreen.storyboard in Resources */ = {isa = PBXBuildFile; fileRef = AFA98C442919291E0083D838 /* LaunchScreen.storyboard */; };
		AFA655272919422A004EF693 /* Main.storyboard in Resources */ = {isa = PBXBuildFile; fileRef = AFA98C462919291E0083D838 /* Main.storyboard */; };
		AFA98C582919291E0083D838 /* AlamoNetworking.swift in Sources */ = {isa = PBXBuildFile; fileRef = AFA98C3F2919291E0083D838 /* AlamoNetworking.swift */; };
		AFA98C592919291E0083D838 /* EndpointsInstructions.swift in Sources */ = {isa = PBXBuildFile; fileRef = AFA98C402919291E0083D838 /* EndpointsInstructions.swift */; };
		AFA98C5A2919291E0083D838 /* Networking.swift in Sources */ = {isa = PBXBuildFile; fileRef = AFA98C412919291E0083D838 /* Networking.swift */; };
		AFA98C5F2919291E0083D838 /* ViewController.swift in Sources */ = {isa = PBXBuildFile; fileRef = AFA98C492919291E0083D838 /* ViewController.swift */; };
		AFA98C602919291E0083D838 /* SearchCell.swift in Sources */ = {isa = PBXBuildFile; fileRef = AFA98C4A2919291E0083D838 /* SearchCell.swift */; };
		AFA98C612919291E0083D838 /* ClassifyingCuisineViewController.swift in Sources */ = {isa = PBXBuildFile; fileRef = AFA98C4B2919291E0083D838 /* ClassifyingCuisineViewController.swift */; };
		AFA98C622919291E0083D838 /* DishDetailsViewController.swift in Sources */ = {isa = PBXBuildFile; fileRef = AFA98C4C2919291E0083D838 /* DishDetailsViewController.swift */; };
		AFA98C632919291E0083D838 /* DishNutritionViewController.swift in Sources */ = {isa = PBXBuildFile; fileRef = AFA98C4D2919291E0083D838 /* DishNutritionViewController.swift */; };
		AFA98C642919291E0083D838 /* ClassifyCuisine.swift in Sources */ = {isa = PBXBuildFile; fileRef = AFA98C4F2919291E0083D838 /* ClassifyCuisine.swift */; };
		AFA98C652919291E0083D838 /* DishNutriton.swift in Sources */ = {isa = PBXBuildFile; fileRef = AFA98C502919291E0083D838 /* DishNutriton.swift */; };
		AFA98C672919291E0083D838 /* Const.swift in Sources */ = {isa = PBXBuildFile; fileRef = AFA98C522919291E0083D838 /* Const.swift */; };
		AFA98C6E291929CF0083D838 /* DishSearch.swift in Sources */ = {isa = PBXBuildFile; fileRef = AFA98C6C291929CF0083D838 /* DishSearch.swift */; };
		AFA98C6F291929CF0083D838 /* SearchResponce.swift in Sources */ = {isa = PBXBuildFile; fileRef = AFA98C6D291929CF0083D838 /* SearchResponce.swift */; };
		AFC33778291A8AA20008BF5B /* Ingredient.swift in Sources */ = {isa = PBXBuildFile; fileRef = AFC33777291A8AA20008BF5B /* Ingredient.swift */; };
		EEEEE453B1407CE8938B9220 /* Pods_RecipeNetworkingApp.framework in Frameworks */ = {isa = PBXBuildFile; fileRef = CD00922C7C68686C24C20A24 /* Pods_RecipeNetworkingApp.framework */; };
/* End PBXBuildFile section */

/* Begin PBXFileReference section */
		AA71F76905D77A119B0BA029 /* Pods-RecipeNetworkingApp.release.xcconfig */ = {isa = PBXFileReference; includeInIndex = 1; lastKnownFileType = text.xcconfig; name = "Pods-RecipeNetworkingApp.release.xcconfig"; path = "Target Support Files/Pods-RecipeNetworkingApp/Pods-RecipeNetworkingApp.release.xcconfig"; sourceTree = "<group>"; };
		AF250E04291A85DC00114055 /* DishDetails.swift */ = {isa = PBXFileReference; lastKnownFileType = sourcecode.swift; path = DishDetails.swift; sourceTree = "<group>"; };
		AFA98C3F2919291E0083D838 /* AlamoNetworking.swift */ = {isa = PBXFileReference; fileEncoding = 4; lastKnownFileType = sourcecode.swift; path = AlamoNetworking.swift; sourceTree = "<group>"; };
		AFA98C402919291E0083D838 /* EndpointsInstructions.swift */ = {isa = PBXFileReference; fileEncoding = 4; lastKnownFileType = sourcecode.swift; path = EndpointsInstructions.swift; sourceTree = "<group>"; };
		AFA98C412919291E0083D838 /* Networking.swift */ = {isa = PBXFileReference; fileEncoding = 4; lastKnownFileType = sourcecode.swift; path = Networking.swift; sourceTree = "<group>"; };
		AFA98C432919291E0083D838 /* Assets.xcassets */ = {isa = PBXFileReference; lastKnownFileType = folder.assetcatalog; path = Assets.xcassets; sourceTree = "<group>"; };
		AFA98C452919291E0083D838 /* Base */ = {isa = PBXFileReference; lastKnownFileType = file.storyboard; name = Base; path = Base.lproj/LaunchScreen.storyboard; sourceTree = "<group>"; };
		AFA98C472919291E0083D838 /* Base */ = {isa = PBXFileReference; lastKnownFileType = file.storyboard; name = Base; path = Base.lproj/Main.storyboard; sourceTree = "<group>"; };
		AFA98C492919291E0083D838 /* ViewController.swift */ = {isa = PBXFileReference; fileEncoding = 4; lastKnownFileType = sourcecode.swift; path = ViewController.swift; sourceTree = "<group>"; };
		AFA98C4A2919291E0083D838 /* SearchCell.swift */ = {isa = PBXFileReference; fileEncoding = 4; lastKnownFileType = sourcecode.swift; path = SearchCell.swift; sourceTree = "<group>"; };
		AFA98C4B2919291E0083D838 /* ClassifyingCuisineViewController.swift */ = {isa = PBXFileReference; fileEncoding = 4; lastKnownFileType = sourcecode.swift; path = ClassifyingCuisineViewController.swift; sourceTree = "<group>"; };
		AFA98C4C2919291E0083D838 /* DishDetailsViewController.swift */ = {isa = PBXFileReference; fileEncoding = 4; lastKnownFileType = sourcecode.swift; path = DishDetailsViewController.swift; sourceTree = "<group>"; };
		AFA98C4D2919291E0083D838 /* DishNutritionViewController.swift */ = {isa = PBXFileReference; fileEncoding = 4; lastKnownFileType = sourcecode.swift; path = DishNutritionViewController.swift; sourceTree = "<group>"; };
		AFA98C4F2919291E0083D838 /* ClassifyCuisine.swift */ = {isa = PBXFileReference; fileEncoding = 4; lastKnownFileType = sourcecode.swift; path = ClassifyCuisine.swift; sourceTree = "<group>"; };
		AFA98C502919291E0083D838 /* DishNutriton.swift */ = {isa = PBXFileReference; fileEncoding = 4; lastKnownFileType = sourcecode.swift; path = DishNutriton.swift; sourceTree = "<group>"; };
		AFA98C522919291E0083D838 /* Const.swift */ = {isa = PBXFileReference; fileEncoding = 4; lastKnownFileType = sourcecode.swift; path = Const.swift; sourceTree = "<group>"; };
		AFA98C552919291E0083D838 /* Info.plist */ = {isa = PBXFileReference; fileEncoding = 4; lastKnownFileType = text.plist.xml; path = Info.plist; sourceTree = "<group>"; };
		AFA98C6C291929CF0083D838 /* DishSearch.swift */ = {isa = PBXFileReference; fileEncoding = 4; lastKnownFileType = sourcecode.swift; name = DishSearch.swift; path = RecipeNetworkingApp/DishSearch.swift; sourceTree = SOURCE_ROOT; };
		AFA98C6D291929CF0083D838 /* SearchResponce.swift */ = {isa = PBXFileReference; fileEncoding = 4; lastKnownFileType = sourcecode.swift; name = SearchResponce.swift; path = RecipeNetworkingApp/SearchResponce.swift; sourceTree = SOURCE_ROOT; };
		AFC33777291A8AA20008BF5B /* Ingredient.swift */ = {isa = PBXFileReference; lastKnownFileType = sourcecode.swift; path = Ingredient.swift; sourceTree = "<group>"; };
		AFE910F62913B0F0007EDE81 /* RecipeNetworkingApp.app */ = {isa = PBXFileReference; explicitFileType = wrapper.application; includeInIndex = 0; path = RecipeNetworkingApp.app; sourceTree = BUILT_PRODUCTS_DIR; };
		AFE910F92913B0F0007EDE81 /* AppDelegate.swift */ = {isa = PBXFileReference; lastKnownFileType = sourcecode.swift; path = AppDelegate.swift; sourceTree = "<group>"; };
		AFE910FB2913B0F0007EDE81 /* SceneDelegate.swift */ = {isa = PBXFileReference; lastKnownFileType = sourcecode.swift; path = SceneDelegate.swift; sourceTree = "<group>"; };
		CD00922C7C68686C24C20A24 /* Pods_RecipeNetworkingApp.framework */ = {isa = PBXFileReference; explicitFileType = wrapper.framework; includeInIndex = 0; path = Pods_RecipeNetworkingApp.framework; sourceTree = BUILT_PRODUCTS_DIR; };
		D986DBDE4C518729E17FA866 /* Pods-RecipeNetworkingApp.debug.xcconfig */ = {isa = PBXFileReference; includeInIndex = 1; lastKnownFileType = text.xcconfig; name = "Pods-RecipeNetworkingApp.debug.xcconfig"; path = "Target Support Files/Pods-RecipeNetworkingApp/Pods-RecipeNetworkingApp.debug.xcconfig"; sourceTree = "<group>"; };
/* End PBXFileReference section */

/* Begin PBXFrameworksBuildPhase section */
		AFE910F32913B0F0007EDE81 /* Frameworks */ = {
			isa = PBXFrameworksBuildPhase;
			buildActionMask = 2147483647;
			files = (
				EEEEE453B1407CE8938B9220 /* Pods_RecipeNetworkingApp.framework in Frameworks */,
			);
			runOnlyForDeploymentPostprocessing = 0;
		};
/* End PBXFrameworksBuildPhase section */

/* Begin PBXGroup section */
		31B8CA157AFF56BCBDC0C928 /* Frameworks */ = {
			isa = PBXGroup;
			children = (
				CD00922C7C68686C24C20A24 /* Pods_RecipeNetworkingApp.framework */,
			);
			name = Frameworks;
			sourceTree = "<group>";
		};
		AFA98C3E2919291E0083D838 /* Networking */ = {
			isa = PBXGroup;
			children = (
				AFA98C3F2919291E0083D838 /* AlamoNetworking.swift */,
				AFA98C402919291E0083D838 /* EndpointsInstructions.swift */,
				AFA98C412919291E0083D838 /* Networking.swift */,
			);
			path = Networking;
			sourceTree = "<group>";
		};
		AFA98C482919291E0083D838 /* VCs */ = {
			isa = PBXGroup;
			children = (
				AFA98C492919291E0083D838 /* ViewController.swift */,
				AFA98C4A2919291E0083D838 /* SearchCell.swift */,
				AFA98C4B2919291E0083D838 /* ClassifyingCuisineViewController.swift */,
				AFA98C4C2919291E0083D838 /* DishDetailsViewController.swift */,
				AFA98C4D2919291E0083D838 /* DishNutritionViewController.swift */,
			);
			path = VCs;
			sourceTree = "<group>";
		};
		AFA98C4E2919291E0083D838 /* Model */ = {
			isa = PBXGroup;
			children = (
				AFA98C6C291929CF0083D838 /* DishSearch.swift */,
				AFA98C6D291929CF0083D838 /* SearchResponce.swift */,
				AFA98C4F2919291E0083D838 /* ClassifyCuisine.swift */,
				AFA98C502919291E0083D838 /* DishNutriton.swift */,
				AFA98C522919291E0083D838 /* Const.swift */,
				AF250E04291A85DC00114055 /* DishDetails.swift */,
				AFC33777291A8AA20008BF5B /* Ingredient.swift */,
			);
			path = Model;
			sourceTree = "<group>";
		};
		AFE910ED2913B0F0007EDE81 = {
			isa = PBXGroup;
			children = (
				AFE910F82913B0F0007EDE81 /* RecipeNetworkingApp */,
				AFE910F72913B0F0007EDE81 /* Products */,
				E7701F608A6AF104F6FE5C1A /* Pods */,
				31B8CA157AFF56BCBDC0C928 /* Frameworks */,
			);
			sourceTree = "<group>";
		};
		AFE910F72913B0F0007EDE81 /* Products */ = {
			isa = PBXGroup;
			children = (
				AFE910F62913B0F0007EDE81 /* RecipeNetworkingApp.app */,
			);
			name = Products;
			sourceTree = "<group>";
		};
		AFE910F82913B0F0007EDE81 /* RecipeNetworkingApp */ = {
			isa = PBXGroup;
			children = (
				AFA98C4E2919291E0083D838 /* Model */,
				AFE910F92913B0F0007EDE81 /* AppDelegate.swift */,
				AFE910FB2913B0F0007EDE81 /* SceneDelegate.swift */,
				AFA98C3E2919291E0083D838 /* Networking */,
				AFA98C432919291E0083D838 /* Assets.xcassets */,
				AFA98C442919291E0083D838 /* LaunchScreen.storyboard */,
				AFA98C462919291E0083D838 /* Main.storyboard */,
				AFA98C482919291E0083D838 /* VCs */,
				AFA98C552919291E0083D838 /* Info.plist */,
			);
			path = RecipeNetworkingApp;
			sourceTree = "<group>";
		};
		E7701F608A6AF104F6FE5C1A /* Pods */ = {
			isa = PBXGroup;
			children = (
				D986DBDE4C518729E17FA866 /* Pods-RecipeNetworkingApp.debug.xcconfig */,
				AA71F76905D77A119B0BA029 /* Pods-RecipeNetworkingApp.release.xcconfig */,
			);
			path = Pods;
			sourceTree = "<group>";
		};
/* End PBXGroup section */

/* Begin PBXNativeTarget section */
		AFE910F52913B0F0007EDE81 /* RecipeNetworkingApp */ = {
			isa = PBXNativeTarget;
			buildConfigurationList = AFE9110A2913B0F4007EDE81 /* Build configuration list for PBXNativeTarget "RecipeNetworkingApp" */;
			buildPhases = (
				D5C0C8C89019E502585AFFB4 /* [CP] Check Pods Manifest.lock */,
				AFE910F22913B0F0007EDE81 /* Sources */,
				AFE910F32913B0F0007EDE81 /* Frameworks */,
				AFE910F42913B0F0007EDE81 /* Resources */,
				849FFA5E192EA3D125924648 /* [CP] Embed Pods Frameworks */,
			);
			buildRules = (
			);
			dependencies = (
			);
			name = RecipeNetworkingApp;
			productName = RecipeNetworkingApp;
			productReference = AFE910F62913B0F0007EDE81 /* RecipeNetworkingApp.app */;
			productType = "com.apple.product-type.application";
		};
/* End PBXNativeTarget section */

/* Begin PBXProject section */
		AFE910EE2913B0F0007EDE81 /* Project object */ = {
			isa = PBXProject;
			attributes = {
				LastSwiftUpdateCheck = 1250;
				LastUpgradeCheck = 1250;
				TargetAttributes = {
					AFE910F52913B0F0007EDE81 = {
						CreatedOnToolsVersion = 12.5.1;
					};
				};
			};
			buildConfigurationList = AFE910F12913B0F0007EDE81 /* Build configuration list for PBXProject "RecipeNetworkingApp" */;
			compatibilityVersion = "Xcode 9.3";
			developmentRegion = en;
			hasScannedForEncodings = 0;
			knownRegions = (
				en,
				Base,
			);
			mainGroup = AFE910ED2913B0F0007EDE81;
			productRefGroup = AFE910F72913B0F0007EDE81 /* Products */;
			projectDirPath = "";
			projectRoot = "";
			targets = (
				AFE910F52913B0F0007EDE81 /* RecipeNetworkingApp */,
			);
		};
/* End PBXProject section */

/* Begin PBXResourcesBuildPhase section */
		AFE910F42913B0F0007EDE81 /* Resources */ = {
			isa = PBXResourcesBuildPhase;
			buildActionMask = 2147483647;
			files = (
				AFA655252919422A004EF693 /* Assets.xcassets in Resources */,
				AFA655262919422A004EF693 /* LaunchScreen.storyboard in Resources */,
				AFA655272919422A004EF693 /* Main.storyboard in Resources */,
			);
			runOnlyForDeploymentPostprocessing = 0;
		};
/* End PBXResourcesBuildPhase section */

/* Begin PBXShellScriptBuildPhase section */
		849FFA5E192EA3D125924648 /* [CP] Embed Pods Frameworks */ = {
			isa = PBXShellScriptBuildPhase;
			buildActionMask = 2147483647;
			files = (
			);
			inputFileListPaths = (
				"${PODS_ROOT}/Target Support Files/Pods-RecipeNetworkingApp/Pods-RecipeNetworkingApp-frameworks-${CONFIGURATION}-input-files.xcfilelist",
			);
			name = "[CP] Embed Pods Frameworks";
			outputFileListPaths = (
				"${PODS_ROOT}/Target Support Files/Pods-RecipeNetworkingApp/Pods-RecipeNetworkingApp-frameworks-${CONFIGURATION}-output-files.xcfilelist",
			);
			runOnlyForDeploymentPostprocessing = 0;
			shellPath = /bin/sh;
			shellScript = "\"${PODS_ROOT}/Target Support Files/Pods-RecipeNetworkingApp/Pods-RecipeNetworkingApp-frameworks.sh\"\n";
			showEnvVarsInLog = 0;
		};
		D5C0C8C89019E502585AFFB4 /* [CP] Check Pods Manifest.lock */ = {
			isa = PBXShellScriptBuildPhase;
			buildActionMask = 2147483647;
			files = (
			);
			inputFileListPaths = (
			);
			inputPaths = (
				"${PODS_PODFILE_DIR_PATH}/Podfile.lock",
				"${PODS_ROOT}/Manifest.lock",
			);
			name = "[CP] Check Pods Manifest.lock";
			outputFileListPaths = (
			);
			outputPaths = (
				"$(DERIVED_FILE_DIR)/Pods-RecipeNetworkingApp-checkManifestLockResult.txt",
			);
			runOnlyForDeploymentPostprocessing = 0;
			shellPath = /bin/sh;
			shellScript = "diff \"${PODS_PODFILE_DIR_PATH}/Podfile.lock\" \"${PODS_ROOT}/Manifest.lock\" > /dev/null\nif [ $? != 0 ] ; then\n    # print error to STDERR\n    echo \"error: The sandbox is not in sync with the Podfile.lock. Run 'pod install' or update your CocoaPods installation.\" >&2\n    exit 1\nfi\n# This output is used by Xcode 'outputs' to avoid re-running this script phase.\necho \"SUCCESS\" > \"${SCRIPT_OUTPUT_FILE_0}\"\n";
			showEnvVarsInLog = 0;
		};
/* End PBXShellScriptBuildPhase section */

/* Begin PBXSourcesBuildPhase section */
		AFE910F22913B0F0007EDE81 /* Sources */ = {
			isa = PBXSourcesBuildPhase;
			buildActionMask = 2147483647;
			files = (
				AFA65524291941AB004EF693 /* SceneDelegate.swift in Sources */,
				AFA65523291941A4004EF693 /* AppDelegate.swift in Sources */,
				AFA98C5F2919291E0083D838 /* ViewController.swift in Sources */,
				AFA98C622919291E0083D838 /* DishDetailsViewController.swift in Sources */,
				AFA98C602919291E0083D838 /* SearchCell.swift in Sources */,
				AFA98C6E291929CF0083D838 /* DishSearch.swift in Sources */,
				AFC33778291A8AA20008BF5B /* Ingredient.swift in Sources */,
				AFA98C582919291E0083D838 /* AlamoNetworking.swift in Sources */,
				AFA98C672919291E0083D838 /* Const.swift in Sources */,
				AFA98C6F291929CF0083D838 /* SearchResponce.swift in Sources */,
				AFA98C5A2919291E0083D838 /* Networking.swift in Sources */,
				AF250E05291A85DC00114055 /* DishDetails.swift in Sources */,
				AFA98C592919291E0083D838 /* EndpointsInstructions.swift in Sources */,
				AFA98C652919291E0083D838 /* DishNutriton.swift in Sources */,
				AFA98C642919291E0083D838 /* ClassifyCuisine.swift in Sources */,
				AFA98C632919291E0083D838 /* DishNutritionViewController.swift in Sources */,
				AFA98C612919291E0083D838 /* ClassifyingCuisineViewController.swift in Sources */,
			);
			runOnlyForDeploymentPostprocessing = 0;
		};
/* End PBXSourcesBuildPhase section */

/* Begin PBXVariantGroup section */
		AFA98C442919291E0083D838 /* LaunchScreen.storyboard */ = {
			isa = PBXVariantGroup;
			children = (
				AFA98C452919291E0083D838 /* Base */,
			);
			name = LaunchScreen.storyboard;
			sourceTree = "<group>";
		};
		AFA98C462919291E0083D838 /* Main.storyboard */ = {
			isa = PBXVariantGroup;
			children = (
				AFA98C472919291E0083D838 /* Base */,
			);
			name = Main.storyboard;
			sourceTree = "<group>";
		};
/* End PBXVariantGroup section */

/* Begin XCBuildConfiguration section */
		AFE911082913B0F4007EDE81 /* Debug */ = {
			isa = XCBuildConfiguration;
			buildSettings = {
				ALWAYS_SEARCH_USER_PATHS = NO;
				CLANG_ANALYZER_NONNULL = YES;
				CLANG_ANALYZER_NUMBER_OBJECT_CONVERSION = YES_AGGRESSIVE;
				CLANG_CXX_LANGUAGE_STANDARD = "gnu++14";
				CLANG_CXX_LIBRARY = "libc++";
				CLANG_ENABLE_MODULES = YES;
				CLANG_ENABLE_OBJC_ARC = YES;
				CLANG_ENABLE_OBJC_WEAK = YES;
				CLANG_WARN_BLOCK_CAPTURE_AUTORELEASING = YES;
				CLANG_WARN_BOOL_CONVERSION = YES;
				CLANG_WARN_COMMA = YES;
				CLANG_WARN_CONSTANT_CONVERSION = YES;
				CLANG_WARN_DEPRECATED_OBJC_IMPLEMENTATIONS = YES;
				CLANG_WARN_DIRECT_OBJC_ISA_USAGE = YES_ERROR;
				CLANG_WARN_DOCUMENTATION_COMMENTS = YES;
				CLANG_WARN_EMPTY_BODY = YES;
				CLANG_WARN_ENUM_CONVERSION = YES;
				CLANG_WARN_INFINITE_RECURSION = YES;
				CLANG_WARN_INT_CONVERSION = YES;
				CLANG_WARN_NON_LITERAL_NULL_CONVERSION = YES;
				CLANG_WARN_OBJC_IMPLICIT_RETAIN_SELF = YES;
				CLANG_WARN_OBJC_LITERAL_CONVERSION = YES;
				CLANG_WARN_OBJC_ROOT_CLASS = YES_ERROR;
				CLANG_WARN_QUOTED_INCLUDE_IN_FRAMEWORK_HEADER = YES;
				CLANG_WARN_RANGE_LOOP_ANALYSIS = YES;
				CLANG_WARN_STRICT_PROTOTYPES = YES;
				CLANG_WARN_SUSPICIOUS_MOVE = YES;
				CLANG_WARN_UNGUARDED_AVAILABILITY = YES_AGGRESSIVE;
				CLANG_WARN_UNREACHABLE_CODE = YES;
				CLANG_WARN__DUPLICATE_METHOD_MATCH = YES;
				COPY_PHASE_STRIP = NO;
				DEBUG_INFORMATION_FORMAT = dwarf;
				ENABLE_STRICT_OBJC_MSGSEND = YES;
				ENABLE_TESTABILITY = YES;
				GCC_C_LANGUAGE_STANDARD = gnu11;
				GCC_DYNAMIC_NO_PIC = NO;
				GCC_NO_COMMON_BLOCKS = YES;
				GCC_OPTIMIZATION_LEVEL = 0;
				GCC_PREPROCESSOR_DEFINITIONS = (
					"DEBUG=1",
					"$(inherited)",
				);
				GCC_WARN_64_TO_32_BIT_CONVERSION = YES;
				GCC_WARN_ABOUT_RETURN_TYPE = YES_ERROR;
				GCC_WARN_UNDECLARED_SELECTOR = YES;
				GCC_WARN_UNINITIALIZED_AUTOS = YES_AGGRESSIVE;
				GCC_WARN_UNUSED_FUNCTION = YES;
				GCC_WARN_UNUSED_VARIABLE = YES;
				IPHONEOS_DEPLOYMENT_TARGET = 14.5;
				MTL_ENABLE_DEBUG_INFO = INCLUDE_SOURCE;
				MTL_FAST_MATH = YES;
				ONLY_ACTIVE_ARCH = YES;
				SDKROOT = iphoneos;
				SWIFT_ACTIVE_COMPILATION_CONDITIONS = DEBUG;
				SWIFT_OPTIMIZATION_LEVEL = "-Onone";
			};
			name = Debug;
		};
		AFE911092913B0F4007EDE81 /* Release */ = {
			isa = XCBuildConfiguration;
			buildSettings = {
				ALWAYS_SEARCH_USER_PATHS = NO;
				CLANG_ANALYZER_NONNULL = YES;
				CLANG_ANALYZER_NUMBER_OBJECT_CONVERSION = YES_AGGRESSIVE;
				CLANG_CXX_LANGUAGE_STANDARD = "gnu++14";
				CLANG_CXX_LIBRARY = "libc++";
				CLANG_ENABLE_MODULES = YES;
				CLANG_ENABLE_OBJC_ARC = YES;
				CLANG_ENABLE_OBJC_WEAK = YES;
				CLANG_WARN_BLOCK_CAPTURE_AUTORELEASING = YES;
				CLANG_WARN_BOOL_CONVERSION = YES;
				CLANG_WARN_COMMA = YES;
				CLANG_WARN_CONSTANT_CONVERSION = YES;
				CLANG_WARN_DEPRECATED_OBJC_IMPLEMENTATIONS = YES;
				CLANG_WARN_DIRECT_OBJC_ISA_USAGE = YES_ERROR;
				CLANG_WARN_DOCUMENTATION_COMMENTS = YES;
				CLANG_WARN_EMPTY_BODY = YES;
				CLANG_WARN_ENUM_CONVERSION = YES;
				CLANG_WARN_INFINITE_RECURSION = YES;
				CLANG_WARN_INT_CONVERSION = YES;
				CLANG_WARN_NON_LITERAL_NULL_CONVERSION = YES;
				CLANG_WARN_OBJC_IMPLICIT_RETAIN_SELF = YES;
				CLANG_WARN_OBJC_LITERAL_CONVERSION = YES;
				CLANG_WARN_OBJC_ROOT_CLASS = YES_ERROR;
				CLANG_WARN_QUOTED_INCLUDE_IN_FRAMEWORK_HEADER = YES;
				CLANG_WARN_RANGE_LOOP_ANALYSIS = YES;
				CLANG_WARN_STRICT_PROTOTYPES = YES;
				CLANG_WARN_SUSPICIOUS_MOVE = YES;
				CLANG_WARN_UNGUARDED_AVAILABILITY = YES_AGGRESSIVE;
				CLANG_WARN_UNREACHABLE_CODE = YES;
				CLANG_WARN__DUPLICATE_METHOD_MATCH = YES;
				COPY_PHASE_STRIP = NO;
				DEBUG_INFORMATION_FORMAT = "dwarf-with-dsym";
				ENABLE_NS_ASSERTIONS = NO;
				ENABLE_STRICT_OBJC_MSGSEND = YES;
				GCC_C_LANGUAGE_STANDARD = gnu11;
				GCC_NO_COMMON_BLOCKS = YES;
				GCC_WARN_64_TO_32_BIT_CONVERSION = YES;
				GCC_WARN_ABOUT_RETURN_TYPE = YES_ERROR;
				GCC_WARN_UNDECLARED_SELECTOR = YES;
				GCC_WARN_UNINITIALIZED_AUTOS = YES_AGGRESSIVE;
				GCC_WARN_UNUSED_FUNCTION = YES;
				GCC_WARN_UNUSED_VARIABLE = YES;
				IPHONEOS_DEPLOYMENT_TARGET = 14.5;
				MTL_ENABLE_DEBUG_INFO = NO;
				MTL_FAST_MATH = YES;
				SDKROOT = iphoneos;
				SWIFT_COMPILATION_MODE = wholemodule;
				SWIFT_OPTIMIZATION_LEVEL = "-O";
				VALIDATE_PRODUCT = YES;
			};
			name = Release;
		};
		AFE9110B2913B0F4007EDE81 /* Debug */ = {
			isa = XCBuildConfiguration;
			baseConfigurationReference = D986DBDE4C518729E17FA866 /* Pods-RecipeNetworkingApp.debug.xcconfig */;
			buildSettings = {
				ASSETCATALOG_COMPILER_APPICON_NAME = AppIcon;
				ASSETCATALOG_COMPILER_GLOBAL_ACCENT_COLOR_NAME = AccentColor;
				CODE_SIGN_STYLE = Automatic;
				DEVELOPMENT_TEAM = VNU8KKW4GG;
				INFOPLIST_FILE = RecipeNetworkingApp/Info.plist;
				LD_RUNPATH_SEARCH_PATHS = (
					"$(inherited)",
					"@executable_path/Frameworks",
				);
				PRODUCT_BUNDLE_IDENTIFIER = ua.edu.ukma.maister.RecipeNetworkingApp;
				PRODUCT_NAME = "$(TARGET_NAME)";
				SWIFT_VERSION = 5.0;
				TARGETED_DEVICE_FAMILY = "1,2";
			};
			name = Debug;
		};
		AFE9110C2913B0F4007EDE81 /* Release */ = {
			isa = XCBuildConfiguration;
			baseConfigurationReference = AA71F76905D77A119B0BA029 /* Pods-RecipeNetworkingApp.release.xcconfig */;
			buildSettings = {
				ASSETCATALOG_COMPILER_APPICON_NAME = AppIcon;
				ASSETCATALOG_COMPILER_GLOBAL_ACCENT_COLOR_NAME = AccentColor;
				CODE_SIGN_STYLE = Automatic;
				DEVELOPMENT_TEAM = VNU8KKW4GG;
				INFOPLIST_FILE = RecipeNetworkingApp/Info.plist;
				LD_RUNPATH_SEARCH_PATHS = (
					"$(inherited)",
					"@executable_path/Frameworks",
				);
				PRODUCT_BUNDLE_IDENTIFIER = ua.edu.ukma.maister.RecipeNetworkingApp;
				PRODUCT_NAME = "$(TARGET_NAME)";
				SWIFT_VERSION = 5.0;
				TARGETED_DEVICE_FAMILY = "1,2";
			};
			name = Release;
		};
/* End XCBuildConfiguration section */

/* Begin XCConfigurationList section */
		AFE910F12913B0F0007EDE81 /* Build configuration list for PBXProject "RecipeNetworkingApp" */ = {
			isa = XCConfigurationList;
			buildConfigurations = (
				AFE911082913B0F4007EDE81 /* Debug */,
				AFE911092913B0F4007EDE81 /* Release */,
			);
			defaultConfigurationIsVisible = 0;
			defaultConfigurationName = Release;
		};
		AFE9110A2913B0F4007EDE81 /* Build configuration list for PBXNativeTarget "RecipeNetworkingApp" */ = {
			isa = XCConfigurationList;
			buildConfigurations = (
				AFE9110B2913B0F4007EDE81 /* Debug */,
				AFE9110C2913B0F4007EDE81 /* Release */,
			);
			defaultConfigurationIsVisible = 0;
			defaultConfigurationName = Release;
		};
/* End XCConfigurationList section */
	};
	rootObject = AFE910EE2913B0F0007EDE81 /* Project object */;
}
